
Microsoft Visual Studio Solution File, Format Version 10.00
# Visual Studio 2008
Project("{8BC9CEB8-8B4A-11D0-8D11-00A0C91BC942}") = "nirgam pro", "nirgam pro\nirgam pro.vcproj", "{ECCCAD75-9AB1-4602-9F76-DA995142D316}"
EndProject
Project("{8BC9CEB8-8B4A-11D0-8D11-00A0C91BC942}") = "PTM", "PTM\PTM.vcproj", "{A2B03507-8DCB-45EF-ACB4-3FBE635A9DEA}"
EndProject
Project("{8BC9CEB8-8B4A-11D0-8D11-00A0C91BC942}") = "TSV", "TSV\TSV.vcproj", "{EDD6E14D-D736-4E00-83BF-1C43D0C108DE}"
EndProject
Project("{8BC9CEB8-8B4A-11D0-8D11-00A0C91BC942}") = "Notation", "Notation\Notation.vcproj", "{BA625EE6-49A7-421F-8FEB-91B5A3932BD7}"
EndProject
Project("{8BC9CEB8-8B4A-11D0-8D11-00A0C91BC942}") = "netlist_analyzer", "netlist_analyzer\netlist_analyzer.vcproj", "{302B5925-28BE-4EE1-9D1C-AA468998B03D}"
EndProject
Global
	GlobalSection(SubversionScc) = preSolution
		Svn-Managed = True
		Manager = AnkhSVN - Subversion Support for Visual Studio
	EndGlobalSection
	GlobalSection(SolutionConfigurationPlatforms) = preSolution
		Debug|Win32 = Debug|Win32
		Release|Win32 = Release|Win32
	EndGlobalSection
	GlobalSection(ProjectConfigurationPlatforms) = postSolution
		{ECCCAD75-9AB1-4602-9F76-DA995142D316}.Debug|Win32.ActiveCfg = Debug|Win32
		{ECCCAD75-9AB1-4602-9F76-DA995142D316}.Debug|Win32.Build.0 = Debug|Win32
		{ECCCAD75-9AB1-4602-9F76-DA995142D316}.Release|Win32.ActiveCfg = Release|Win32
		{ECCCAD75-9AB1-4602-9F76-DA995142D316}.Release|Win32.Build.0 = Release|Win32
		{A2B03507-8DCB-45EF-ACB4-3FBE635A9DEA}.Debug|Win32.ActiveCfg = Debug|Win32
		{A2B03507-8DCB-45EF-ACB4-3FBE635A9DEA}.Debug|Win32.Build.0 = Debug|Win32
		{A2B03507-8DCB-45EF-ACB4-3FBE635A9DEA}.Release|Win32.ActiveCfg = Release|Win32
		{A2B03507-8DCB-45EF-ACB4-3FBE635A9DEA}.Release|Win32.Build.0 = Release|Win32
		{EDD6E14D-D736-4E00-83BF-1C43D0C108DE}.Debug|Win32.ActiveCfg = Debug|Win32
		{EDD6E14D-D736-4E00-83BF-1C43D0C108DE}.Debug|Win32.Build.0 = Debug|Win32
		{EDD6E14D-D736-4E00-83BF-1C43D0C108DE}.Release|Win32.ActiveCfg = Release|Win32
		{EDD6E14D-D736-4E00-83BF-1C43D0C108DE}.Release|Win32.Build.0 = Release|Win32
		{BA625EE6-49A7-421F-8FEB-91B5A3932BD7}.Debug|Win32.ActiveCfg = Debug|Win32
		{BA625EE6-49A7-421F-8FEB-91B5A3932BD7}.Debug|Win32.Build.0 = Debug|Win32
		{BA625EE6-49A7-421F-8FEB-91B5A3932BD7}.Release|Win32.ActiveCfg = Release|Win32
		{BA625EE6-49A7-421F-8FEB-91B5A3932BD7}.Release|Win32.Build.0 = Release|Win32
		{302B5925-28BE-4EE1-9D1C-AA468998B03D}.Debug|Win32.ActiveCfg = Debug|Win32
		{302B5925-28BE-4EE1-9D1C-AA468998B03D}.Debug|Win32.Build.0 = Debug|Win32
		{302B5925-28BE-4EE1-9D1C-AA468998B03D}.Release|Win32.ActiveCfg = Release|Win32
		{302B5925-28BE-4EE1-9D1C-AA468998B03D}.Release|Win32.Build.0 = Release|Win32
	EndGlobalSection
	GlobalSection(SolutionProperties) = preSolution
		HideSolutionNode = FALSE
	EndGlobalSection
EndGlobal
